// !$*UTF8*$!
{
	archiveVersion = 1;
	classes = {
	};
	objectVersion = 46;
	objects = {

/* Begin PBXBuildFile section */
		052664862D16482DBF816539 /* libPods.a in Frameworks */ = {isa = PBXBuildFile; fileRef = 6BC83B556A73457DA23F5E31 /* libPods.a */; };
		1D26B0F127E53FF35E17BDA4 /* SaatiViewController.m in Sources */ = {isa = PBXBuildFile; fileRef = 1D26BDCF68DE8C175F680B1B /* SaatiViewController.m */; };
		1D26B190D18BDCB0A736950E /* MatrixSpec.m in Sources */ = {isa = PBXBuildFile; fileRef = 1D26B341218B105AADE7A33A /* MatrixSpec.m */; };
		1D26B25B165581DF5305507A /* FractionSpec.m in Sources */ = {isa = PBXBuildFile; fileRef = 1D26BF2A8A2F3BF1149BB493 /* FractionSpec.m */; };
		1D26B457D3E9DEC51EC73459 /* Matrix.m in Sources */ = {isa = PBXBuildFile; fileRef = 1D26B993F681259AEDB4D615 /* Matrix.m */; };
		1D26B896A586399C32DEEFF1 /* SaatiRankAreaView.m in Sources */ = {isa = PBXBuildFile; fileRef = 1D26BDB68F7B497E4AB0F6A7 /* SaatiRankAreaView.m */; };
		1D26B9EF568888AAA34350E6 /* SaatiStrategy.m in Sources */ = {isa = PBXBuildFile; fileRef = 1D26B8A6ABE42128809C81E5 /* SaatiStrategy.m */; };
		1D26BB4D7FE01A579AA94B6C /* SaatiMatrixSpec.m in Sources */ = {isa = PBXBuildFile; fileRef = 1D26BE70F38447E2A0DC666A /* SaatiMatrixSpec.m */; };
		1D26BCCF1E3B8C15C5A646E2 /* Fraction.m in Sources */ = {isa = PBXBuildFile; fileRef = 1D26BE80CA4B1869FBC10E00 /* Fraction.m */; };
		1D26BFDCBCC4E5C7C233DDB1 /* SaatiMatrix.m in Sources */ = {isa = PBXBuildFile; fileRef = 1D26BD057E1812EEAB3B2EED /* SaatiMatrix.m */; };
		5000B8E41748E0150037C323 /* SaatiRankingPageViewController.m in Sources */ = {isa = PBXBuildFile; fileRef = 5000B8E31748E0150037C323 /* SaatiRankingPageViewController.m */; };
		5000B8E81748E8D60037C323 /* SaatiRankViewController.xib in Resources */ = {isa = PBXBuildFile; fileRef = 5000B8E71748E8D60037C323 /* SaatiRankViewController.xib */; };
		501F670B1742842E00FE8903 /* DroppableAlternativeView.m in Sources */ = {isa = PBXBuildFile; fileRef = 501F670A1742842E00FE8903 /* DroppableAlternativeView.m */; };
		501F671017428F7E00FE8903 /* QuartzCore.framework in Frameworks */ = {isa = PBXBuildFile; fileRef = 501F670F17428F7E00FE8903 /* QuartzCore.framework */; };
		5023D32616BCFBAB007699AA /* UIKit.framework in Frameworks */ = {isa = PBXBuildFile; fileRef = 5023D32516BCFBAB007699AA /* UIKit.framework */; };
		5023D32816BCFBAB007699AA /* Foundation.framework in Frameworks */ = {isa = PBXBuildFile; fileRef = 5023D32716BCFBAB007699AA /* Foundation.framework */; };
		5023D32A16BCFBAB007699AA /* CoreGraphics.framework in Frameworks */ = {isa = PBXBuildFile; fileRef = 5023D32916BCFBAB007699AA /* CoreGraphics.framework */; };
		5023D33016BCFBAB007699AA /* InfoPlist.strings in Resources */ = {isa = PBXBuildFile; fileRef = 5023D32E16BCFBAB007699AA /* InfoPlist.strings */; };
		5023D33216BCFBAB007699AA /* main.m in Sources */ = {isa = PBXBuildFile; fileRef = 5023D33116BCFBAB007699AA /* main.m */; };
		5023D33616BCFBAB007699AA /* VIAppDelegate.m in Sources */ = {isa = PBXBuildFile; fileRef = 5023D33516BCFBAB007699AA /* VIAppDelegate.m */; };
		5023D33816BCFBAB007699AA /* Default.png in Resources */ = {isa = PBXBuildFile; fileRef = 5023D33716BCFBAB007699AA /* Default.png */; };
		5023D33A16BCFBAB007699AA /* Default@2x.png in Resources */ = {isa = PBXBuildFile; fileRef = 5023D33916BCFBAB007699AA /* Default@2x.png */; };
		5023D33C16BCFBAB007699AA /* Default-568h@2x.png in Resources */ = {isa = PBXBuildFile; fileRef = 5023D33B16BCFBAB007699AA /* Default-568h@2x.png */; };
		5023D33F16BCFBAB007699AA /* MainStoryboard.storyboard in Resources */ = {isa = PBXBuildFile; fileRef = 5023D33D16BCFBAB007699AA /* MainStoryboard.storyboard */; };
		5023D34516BCFBAB007699AA /* RootViewController.m in Sources */ = {isa = PBXBuildFile; fileRef = 5023D34416BCFBAB007699AA /* RootViewController.m */; };
		5023D34D16BCFBAB007699AA /* SenTestingKit.framework in Frameworks */ = {isa = PBXBuildFile; fileRef = 5023D34C16BCFBAB007699AA /* SenTestingKit.framework */; };
		5023D34E16BCFBAB007699AA /* UIKit.framework in Frameworks */ = {isa = PBXBuildFile; fileRef = 5023D32516BCFBAB007699AA /* UIKit.framework */; };
		5023D34F16BCFBAB007699AA /* Foundation.framework in Frameworks */ = {isa = PBXBuildFile; fileRef = 5023D32716BCFBAB007699AA /* Foundation.framework */; };
		5023D35716BCFBAB007699AA /* InfoPlist.strings in Resources */ = {isa = PBXBuildFile; fileRef = 5023D35516BCFBAB007699AA /* InfoPlist.strings */; };
		50327EE217776F5F00841F79 /* AlternativeViewController.m in Sources */ = {isa = PBXBuildFile; fileRef = 50327EE117776F5F00841F79 /* AlternativeViewController.m */; };
		5063E96E17428106003F62BB /* SaatiRankViewController.m in Sources */ = {isa = PBXBuildFile; fileRef = 5063E96D17428106003F62BB /* SaatiRankViewController.m */; };
		50E5020C17483B2F00B8F7EF /* SaatiRankAreaViewSpec.m in Sources */ = {isa = PBXBuildFile; fileRef = 50E5020B17483B2F00B8F7EF /* SaatiRankAreaViewSpec.m */; };
		50E5020E1748D7E300B8F7EF /* SaatiStrategySpec.m in Sources */ = {isa = PBXBuildFile; fileRef = 50E5020D1748D7E300B8F7EF /* SaatiStrategySpec.m */; };
		FDCBDC04E0F54C449435E3B5 /* libPods-GraduateWorkTests.a in Frameworks */ = {isa = PBXBuildFile; fileRef = 51DE0B7AA4B74E65AF51B21E /* libPods-GraduateWorkTests.a */; };
/* End PBXBuildFile section */

/* Begin PBXContainerItemProxy section */
		5023D35016BCFBAB007699AA /* PBXContainerItemProxy */ = {
			isa = PBXContainerItemProxy;
			containerPortal = 5023D31A16BCFBAB007699AA /* Project object */;
			proxyType = 1;
			remoteGlobalIDString = 5023D32116BCFBAB007699AA;
			remoteInfo = GraduateWork;
		};
/* End PBXContainerItemProxy section */

/* Begin PBXFileReference section */
		1D26B00402C953A21345236C /* Matrix.h */ = {isa = PBXFileReference; fileEncoding = 4; lastKnownFileType = sourcecode.c.h; path = Matrix.h; sourceTree = "<group>"; };
		1D26B341218B105AADE7A33A /* MatrixSpec.m */ = {isa = PBXFileReference; fileEncoding = 4; lastKnownFileType = sourcecode.c.objc; path = MatrixSpec.m; sourceTree = "<group>"; };
		1D26B3EDC334B5ABC5F5F8DA /* SaatiRankAreaView.h */ = {isa = PBXFileReference; fileEncoding = 4; lastKnownFileType = sourcecode.c.h; name = SaatiRankAreaView.h; path = ../../SaatiRankAreaView.h; sourceTree = "<group>"; };
		1D26B5BB7ED466250CF0C583 /* SaatiMatrix.h */ = {isa = PBXFileReference; fileEncoding = 4; lastKnownFileType = sourcecode.c.h; name = SaatiMatrix.h; path = ../../Logic/Saati/SaatiMatrix.h; sourceTree = "<group>"; };
		1D26B86D8A916E00C9AC253C /* SaatiStrategy.h */ = {isa = PBXFileReference; fileEncoding = 4; lastKnownFileType = sourcecode.c.h; path = SaatiStrategy.h; sourceTree = "<group>"; };
		1D26B8A6ABE42128809C81E5 /* SaatiStrategy.m */ = {isa = PBXFileReference; fileEncoding = 4; lastKnownFileType = sourcecode.c.objc; path = SaatiStrategy.m; sourceTree = "<group>"; };
		1D26B993F681259AEDB4D615 /* Matrix.m */ = {isa = PBXFileReference; fileEncoding = 4; lastKnownFileType = sourcecode.c.objc; path = Matrix.m; sourceTree = "<group>"; };
		1D26BAC05C88EC1B255BA331 /* SaatiViewController.h */ = {isa = PBXFileReference; fileEncoding = 4; lastKnownFileType = sourcecode.c.h; path = SaatiViewController.h; sourceTree = "<group>"; };
		1D26BBB6BAA52AB108482D87 /* Strategy.h */ = {isa = PBXFileReference; fileEncoding = 4; lastKnownFileType = sourcecode.c.h; path = Strategy.h; sourceTree = "<group>"; };
		1D26BD057E1812EEAB3B2EED /* SaatiMatrix.m */ = {isa = PBXFileReference; fileEncoding = 4; lastKnownFileType = sourcecode.c.objc; name = SaatiMatrix.m; path = ../../Logic/Saati/SaatiMatrix.m; sourceTree = "<group>"; };
		1D26BDB68F7B497E4AB0F6A7 /* SaatiRankAreaView.m */ = {isa = PBXFileReference; fileEncoding = 4; lastKnownFileType = sourcecode.c.objc; name = SaatiRankAreaView.m; path = ../../SaatiRankAreaView.m; sourceTree = "<group>"; };
		1D26BDCF68DE8C175F680B1B /* SaatiViewController.m */ = {isa = PBXFileReference; fileEncoding = 4; lastKnownFileType = sourcecode.c.objc; path = SaatiViewController.m; sourceTree = "<group>"; };
		1D26BE70F38447E2A0DC666A /* SaatiMatrixSpec.m */ = {isa = PBXFileReference; fileEncoding = 4; lastKnownFileType = sourcecode.c.objc; path = SaatiMatrixSpec.m; sourceTree = "<group>"; };
		1D26BE80CA4B1869FBC10E00 /* Fraction.m */ = {isa = PBXFileReference; fileEncoding = 4; lastKnownFileType = sourcecode.c.objc; name = Fraction.m; path = ../Fraction.m; sourceTree = "<group>"; };
		1D26BF26E36C3F48230386FF /* Fraction.h */ = {isa = PBXFileReference; fileEncoding = 4; lastKnownFileType = sourcecode.c.h; name = Fraction.h; path = ../Fraction.h; sourceTree = "<group>"; };
		1D26BF2A8A2F3BF1149BB493 /* FractionSpec.m */ = {isa = PBXFileReference; fileEncoding = 4; lastKnownFileType = sourcecode.c.objc; name = FractionSpec.m; path = ../FractionSpec.m; sourceTree = "<group>"; };
		2A5442F28F8B4E808E37072D /* Pods-GraduateWorkTests.xcconfig */ = {isa = PBXFileReference; includeInIndex = 1; lastKnownFileType = text.xcconfig; name = "Pods-GraduateWorkTests.xcconfig"; path = "Pods/Pods-GraduateWorkTests.xcconfig"; sourceTree = SOURCE_ROOT; };
		5000B8E21748E0150037C323 /* SaatiRankingPageViewController.h */ = {isa = PBXFileReference; fileEncoding = 4; lastKnownFileType = sourcecode.c.h; path = SaatiRankingPageViewController.h; sourceTree = "<group>"; };
		5000B8E31748E0150037C323 /* SaatiRankingPageViewController.m */ = {isa = PBXFileReference; fileEncoding = 4; lastKnownFileType = sourcecode.c.objc; path = SaatiRankingPageViewController.m; sourceTree = "<group>"; };
		5000B8E71748E8D60037C323 /* SaatiRankViewController.xib */ = {isa = PBXFileReference; fileEncoding = 4; lastKnownFileType = file.xib; name = SaatiRankViewController.xib; path = ../../../SaatiRankViewController.xib; sourceTree = "<group>"; };
		501F67091742842E00FE8903 /* DroppableAlternativeView.h */ = {isa = PBXFileReference; fileEncoding = 4; lastKnownFileType = sourcecode.c.h; name = DroppableAlternativeView.h; path = ../../DroppableAlternativeView.h; sourceTree = "<group>"; };
		501F670A1742842E00FE8903 /* DroppableAlternativeView.m */ = {isa = PBXFileReference; fileEncoding = 4; lastKnownFileType = sourcecode.c.objc; name = DroppableAlternativeView.m; path = ../../DroppableAlternativeView.m; sourceTree = "<group>"; };
		501F670F17428F7E00FE8903 /* QuartzCore.framework */ = {isa = PBXFileReference; lastKnownFileType = wrapper.framework; name = QuartzCore.framework; path = System/Library/Frameworks/QuartzCore.framework; sourceTree = SDKROOT; };
		5023D32216BCFBAB007699AA /* GraduateWork.app */ = {isa = PBXFileReference; explicitFileType = wrapper.application; includeInIndex = 0; path = GraduateWork.app; sourceTree = BUILT_PRODUCTS_DIR; };
		5023D32516BCFBAB007699AA /* UIKit.framework */ = {isa = PBXFileReference; lastKnownFileType = wrapper.framework; name = UIKit.framework; path = System/Library/Frameworks/UIKit.framework; sourceTree = SDKROOT; };
		5023D32716BCFBAB007699AA /* Foundation.framework */ = {isa = PBXFileReference; lastKnownFileType = wrapper.framework; name = Foundation.framework; path = System/Library/Frameworks/Foundation.framework; sourceTree = SDKROOT; };
		5023D32916BCFBAB007699AA /* CoreGraphics.framework */ = {isa = PBXFileReference; lastKnownFileType = wrapper.framework; name = CoreGraphics.framework; path = System/Library/Frameworks/CoreGraphics.framework; sourceTree = SDKROOT; };
		5023D32D16BCFBAB007699AA /* GraduateWork-Info.plist */ = {isa = PBXFileReference; lastKnownFileType = text.plist.xml; path = "GraduateWork-Info.plist"; sourceTree = "<group>"; };
		5023D32F16BCFBAB007699AA /* en */ = {isa = PBXFileReference; lastKnownFileType = text.plist.strings; name = en; path = en.lproj/InfoPlist.strings; sourceTree = "<group>"; };
		5023D33116BCFBAB007699AA /* main.m */ = {isa = PBXFileReference; lastKnownFileType = sourcecode.c.objc; path = main.m; sourceTree = "<group>"; };
		5023D33316BCFBAB007699AA /* GraduateWork-Prefix.pch */ = {isa = PBXFileReference; lastKnownFileType = sourcecode.c.h; path = "GraduateWork-Prefix.pch"; sourceTree = "<group>"; };
		5023D33416BCFBAB007699AA /* VIAppDelegate.h */ = {isa = PBXFileReference; lastKnownFileType = sourcecode.c.h; path = VIAppDelegate.h; sourceTree = "<group>"; };
		5023D33516BCFBAB007699AA /* VIAppDelegate.m */ = {isa = PBXFileReference; lastKnownFileType = sourcecode.c.objc; path = VIAppDelegate.m; sourceTree = "<group>"; };
		5023D33716BCFBAB007699AA /* Default.png */ = {isa = PBXFileReference; lastKnownFileType = image.png; path = Default.png; sourceTree = "<group>"; };
		5023D33916BCFBAB007699AA /* Default@2x.png */ = {isa = PBXFileReference; lastKnownFileType = image.png; path = "Default@2x.png"; sourceTree = "<group>"; };
		5023D33B16BCFBAB007699AA /* Default-568h@2x.png */ = {isa = PBXFileReference; lastKnownFileType = image.png; path = "Default-568h@2x.png"; sourceTree = "<group>"; };
		5023D33E16BCFBAB007699AA /* en */ = {isa = PBXFileReference; lastKnownFileType = file.storyboard; name = en; path = en.lproj/MainStoryboard.storyboard; sourceTree = "<group>"; };
		5023D34316BCFBAB007699AA /* RootViewController.h */ = {isa = PBXFileReference; lastKnownFileType = sourcecode.c.h; path = RootViewController.h; sourceTree = "<group>"; };
		5023D34416BCFBAB007699AA /* RootViewController.m */ = {isa = PBXFileReference; lastKnownFileType = sourcecode.c.objc; path = RootViewController.m; sourceTree = "<group>"; };
		5023D34B16BCFBAB007699AA /* GraduateWorkTests.octest */ = {isa = PBXFileReference; explicitFileType = wrapper.cfbundle; includeInIndex = 0; path = GraduateWorkTests.octest; sourceTree = BUILT_PRODUCTS_DIR; };
		5023D34C16BCFBAB007699AA /* SenTestingKit.framework */ = {isa = PBXFileReference; lastKnownFileType = wrapper.framework; name = SenTestingKit.framework; path = Library/Frameworks/SenTestingKit.framework; sourceTree = DEVELOPER_DIR; };
		5023D35416BCFBAB007699AA /* GraduateWorkTests-Info.plist */ = {isa = PBXFileReference; lastKnownFileType = text.plist.xml; path = "GraduateWorkTests-Info.plist"; sourceTree = "<group>"; };
		5023D35616BCFBAB007699AA /* en */ = {isa = PBXFileReference; lastKnownFileType = text.plist.strings; name = en; path = en.lproj/InfoPlist.strings; sourceTree = "<group>"; };
		50327EE017776F5F00841F79 /* AlternativeViewController.h */ = {isa = PBXFileReference; fileEncoding = 4; lastKnownFileType = sourcecode.c.h; path = AlternativeViewController.h; sourceTree = "<group>"; };
		50327EE117776F5F00841F79 /* AlternativeViewController.m */ = {isa = PBXFileReference; fileEncoding = 4; lastKnownFileType = sourcecode.c.objc; path = AlternativeViewController.m; sourceTree = "<group>"; };
		5063E96C17428106003F62BB /* SaatiRankViewController.h */ = {isa = PBXFileReference; fileEncoding = 4; lastKnownFileType = sourcecode.c.h; name = SaatiRankViewController.h; path = ../../../SaatiRankViewController.h; sourceTree = "<group>"; };
		5063E96D17428106003F62BB /* SaatiRankViewController.m */ = {isa = PBXFileReference; fileEncoding = 4; lastKnownFileType = sourcecode.c.objc; name = SaatiRankViewController.m; path = ../../../SaatiRankViewController.m; sourceTree = "<group>"; };
		50E5020B17483B2F00B8F7EF /* SaatiRankAreaViewSpec.m */ = {isa = PBXFileReference; fileEncoding = 4; lastKnownFileType = sourcecode.c.objc; name = SaatiRankAreaViewSpec.m; path = ../../SaatiRankAreaViewSpec.m; sourceTree = "<group>"; };
		50E5020D1748D7E300B8F7EF /* SaatiStrategySpec.m */ = {isa = PBXFileReference; fileEncoding = 4; lastKnownFileType = sourcecode.c.objc; name = SaatiStrategySpec.m; path = ../../Strategies/SaatiStrategySpec.m; sourceTree = "<group>"; };
		51DE0B7AA4B74E65AF51B21E /* libPods-GraduateWorkTests.a */ = {isa = PBXFileReference; explicitFileType = archive.ar; includeInIndex = 0; path = "libPods-GraduateWorkTests.a"; sourceTree = BUILT_PRODUCTS_DIR; };
		6BC83B556A73457DA23F5E31 /* libPods.a */ = {isa = PBXFileReference; explicitFileType = archive.ar; includeInIndex = 0; path = libPods.a; sourceTree = BUILT_PRODUCTS_DIR; };
		7629F92201ED4B2789E0B704 /* Pods.xcconfig */ = {isa = PBXFileReference; includeInIndex = 1; lastKnownFileType = text.xcconfig; name = Pods.xcconfig; path = Pods/Pods.xcconfig; sourceTree = SOURCE_ROOT; };
/* End PBXFileReference section */

/* Begin PBXFrameworksBuildPhase section */
		5023D31F16BCFBAB007699AA /* Frameworks */ = {
			isa = PBXFrameworksBuildPhase;
			buildActionMask = 2147483647;
			files = (
				501F671017428F7E00FE8903 /* QuartzCore.framework in Frameworks */,
				5023D32616BCFBAB007699AA /* UIKit.framework in Frameworks */,
				5023D32816BCFBAB007699AA /* Foundation.framework in Frameworks */,
				5023D32A16BCFBAB007699AA /* CoreGraphics.framework in Frameworks */,
				052664862D16482DBF816539 /* libPods.a in Frameworks */,
			);
			runOnlyForDeploymentPostprocessing = 0;
		};
		5023D34716BCFBAB007699AA /* Frameworks */ = {
			isa = PBXFrameworksBuildPhase;
			buildActionMask = 2147483647;
			files = (
				5023D34D16BCFBAB007699AA /* SenTestingKit.framework in Frameworks */,
				5023D34E16BCFBAB007699AA /* UIKit.framework in Frameworks */,
				5023D34F16BCFBAB007699AA /* Foundation.framework in Frameworks */,
				FDCBDC04E0F54C449435E3B5 /* libPods-GraduateWorkTests.a in Frameworks */,
			);
			runOnlyForDeploymentPostprocessing = 0;
		};
/* End PBXFrameworksBuildPhase section */

/* Begin PBXGroup section */
		1D26B1130246BD565260D7C0 /* Models */ = {
			isa = PBXGroup;
			children = (
				1D26BF26E36C3F48230386FF /* Fraction.h */,
				1D26BE80CA4B1869FBC10E00 /* Fraction.m */,
				1D26B00402C953A21345236C /* Matrix.h */,
				1D26B993F681259AEDB4D615 /* Matrix.m */,
			);
			name = Models;
			path = Logic;
			sourceTree = "<group>";
		};
		1D26B2C3DB47AA63EC05383A /* Saati */ = {
			isa = PBXGroup;
			children = (
				1D26BE70F38447E2A0DC666A /* SaatiMatrixSpec.m */,
				50E5020B17483B2F00B8F7EF /* SaatiRankAreaViewSpec.m */,
				50E5020D1748D7E300B8F7EF /* SaatiStrategySpec.m */,
			);
			name = Saati;
			path = Logic/Saati;
			sourceTree = "<group>";
		};
		1D26B4E17489F88232B9DF57 /* Saati */ = {
			isa = PBXGroup;
			children = (
				5000B8EC1749238D0037C323 /* Models */,
				1D26B86D8A916E00C9AC253C /* SaatiStrategy.h */,
				1D26B8A6ABE42128809C81E5 /* SaatiStrategy.m */,
				1D26B71C30927A817B900E49 /* ViewControllers */,
				5000B8EB174922E10037C323 /* Views */,
			);
			path = Saati;
			sourceTree = "<group>";
		};
		1D26B513EF161C5A2EDE1901 /* Models */ = {
			isa = PBXGroup;
			children = (
				1D26BF2A8A2F3BF1149BB493 /* FractionSpec.m */,
				1D26B341218B105AADE7A33A /* MatrixSpec.m */,
			);
			name = Models;
			path = Logic;
			sourceTree = "<group>";
		};
		1D26B71C30927A817B900E49 /* ViewControllers */ = {
			isa = PBXGroup;
			children = (
				5000B8E21748E0150037C323 /* SaatiRankingPageViewController.h */,
				5000B8E31748E0150037C323 /* SaatiRankingPageViewController.m */,
				5063E96C17428106003F62BB /* SaatiRankViewController.h */,
				5063E96D17428106003F62BB /* SaatiRankViewController.m */,
				5000B8E71748E8D60037C323 /* SaatiRankViewController.xib */,
				1D26BAC05C88EC1B255BA331 /* SaatiViewController.h */,
				1D26BDCF68DE8C175F680B1B /* SaatiViewController.m */,
			);
			path = ViewControllers;
			sourceTree = "<group>";
		};
		1D26B862154D6A5AE60B4233 /* AlgorythmStrategies */ = {
			isa = PBXGroup;
			children = (
				1D26B4E17489F88232B9DF57 /* Saati */,
				1D26BBB6BAA52AB108482D87 /* Strategy.h */,
			);
			name = AlgorythmStrategies;
			path = Strategies;
			sourceTree = "<group>";
		};
		5000B8EB174922E10037C323 /* Views */ = {
			isa = PBXGroup;
			children = (
				501F67091742842E00FE8903 /* DroppableAlternativeView.h */,
				501F670A1742842E00FE8903 /* DroppableAlternativeView.m */,
				1D26B3EDC334B5ABC5F5F8DA /* SaatiRankAreaView.h */,
				1D26BDB68F7B497E4AB0F6A7 /* SaatiRankAreaView.m */,
			);
			name = Views;
			sourceTree = "<group>";
		};
		5000B8EC1749238D0037C323 /* Models */ = {
			isa = PBXGroup;
			children = (
				1D26B5BB7ED466250CF0C583 /* SaatiMatrix.h */,
				1D26BD057E1812EEAB3B2EED /* SaatiMatrix.m */,
			);
			name = Models;
			sourceTree = "<group>";
		};
		5000B8ED174924400037C323 /* ViewControllers */ = {
			isa = PBXGroup;
			children = (
				50327EE017776F5F00841F79 /* AlternativeViewController.h */,
				50327EE117776F5F00841F79 /* AlternativeViewController.m */,
				5023D34316BCFBAB007699AA /* RootViewController.h */,
				5023D34416BCFBAB007699AA /* RootViewController.m */,
			);
			name = ViewControllers;
			sourceTree = "<group>";
		};
		5023D31916BCFBAB007699AA = {
			isa = PBXGroup;
			children = (
				5023D32416BCFBAB007699AA /* Frameworks */,
				5023D32B16BCFBAB007699AA /* GraduateWork */,
				5023D35216BCFBAB007699AA /* GraduateWorkTests */,
				2A5442F28F8B4E808E37072D /* Pods-GraduateWorkTests.xcconfig */,
				7629F92201ED4B2789E0B704 /* Pods.xcconfig */,
				5023D32316BCFBAB007699AA /* Products */,
			);
			sourceTree = "<group>";
		};
		5023D32316BCFBAB007699AA /* Products */ = {
			isa = PBXGroup;
			children = (
				5023D32216BCFBAB007699AA /* GraduateWork.app */,
				5023D34B16BCFBAB007699AA /* GraduateWorkTests.octest */,
			);
			name = Products;
			sourceTree = "<group>";
		};
		5023D32416BCFBAB007699AA /* Frameworks */ = {
			isa = PBXGroup;
			children = (
				5023D32916BCFBAB007699AA /* CoreGraphics.framework */,
				5023D32716BCFBAB007699AA /* Foundation.framework */,
				51DE0B7AA4B74E65AF51B21E /* libPods-GraduateWorkTests.a */,
				6BC83B556A73457DA23F5E31 /* libPods.a */,
				501F670F17428F7E00FE8903 /* QuartzCore.framework */,
				5023D34C16BCFBAB007699AA /* SenTestingKit.framework */,
				5023D32516BCFBAB007699AA /* UIKit.framework */,
			);
			name = Frameworks;
			sourceTree = "<group>";
		};
		5023D32B16BCFBAB007699AA /* GraduateWork */ = {
			isa = PBXGroup;
			children = (
				1D26B862154D6A5AE60B4233 /* AlgorythmStrategies */,
				5023D33D16BCFBAB007699AA /* MainStoryboard.storyboard */,
				1D26B1130246BD565260D7C0 /* Models */,
				5023D32C16BCFBAB007699AA /* Supporting Files */,
				5023D33416BCFBAB007699AA /* VIAppDelegate.h */,
				5023D33516BCFBAB007699AA /* VIAppDelegate.m */,
				5000B8ED174924400037C323 /* ViewControllers */,
			);
			path = GraduateWork;
			sourceTree = "<group>";
		};
		5023D32C16BCFBAB007699AA /* Supporting Files */ = {
			isa = PBXGroup;
			children = (
				5023D32D16BCFBAB007699AA /* GraduateWork-Info.plist */,
				5023D32E16BCFBAB007699AA /* InfoPlist.strings */,
				5023D33116BCFBAB007699AA /* main.m */,
				5023D33316BCFBAB007699AA /* GraduateWork-Prefix.pch */,
				5023D33716BCFBAB007699AA /* Default.png */,
				5023D33916BCFBAB007699AA /* Default@2x.png */,
				5023D33B16BCFBAB007699AA /* Default-568h@2x.png */,
			);
			name = "Supporting Files";
			sourceTree = "<group>";
		};
		5023D35216BCFBAB007699AA /* GraduateWorkTests */ = {
			isa = PBXGroup;
			children = (
				1D26B513EF161C5A2EDE1901 /* Models */,
				1D26B2C3DB47AA63EC05383A /* Saati */,
				5023D35316BCFBAB007699AA /* Supporting Files */,
			);
			path = GraduateWorkTests;
			sourceTree = "<group>";
		};
		5023D35316BCFBAB007699AA /* Supporting Files */ = {
			isa = PBXGroup;
			children = (
				5023D35416BCFBAB007699AA /* GraduateWorkTests-Info.plist */,
				5023D35516BCFBAB007699AA /* InfoPlist.strings */,
			);
			name = "Supporting Files";
			sourceTree = "<group>";
		};
/* End PBXGroup section */

/* Begin PBXNativeTarget section */
		5023D32116BCFBAB007699AA /* GraduateWork */ = {
			isa = PBXNativeTarget;
			buildConfigurationList = 5023D35D16BCFBAB007699AA /* Build configuration list for PBXNativeTarget "GraduateWork" */;
			buildPhases = (
				596EA7F4161D415B9E97B87C /* Check Pods Manifest.lock */,
				5023D31E16BCFBAB007699AA /* Sources */,
				5023D31F16BCFBAB007699AA /* Frameworks */,
				5023D32016BCFBAB007699AA /* Resources */,
				F59412C04CFD4C08AA0899F3 /* Copy Pods Resources */,
			);
			buildRules = (
			);
			dependencies = (
			);
			name = GraduateWork;
			productName = GraduateWork;
			productReference = 5023D32216BCFBAB007699AA /* GraduateWork.app */;
			productType = "com.apple.product-type.application";
		};
		5023D34A16BCFBAB007699AA /* GraduateWorkTests */ = {
			isa = PBXNativeTarget;
			buildConfigurationList = 5023D36016BCFBAB007699AA /* Build configuration list for PBXNativeTarget "GraduateWorkTests" */;
			buildPhases = (
				A5FA4C5546954668AA54389C /* Check Pods Manifest.lock */,
				5023D34616BCFBAB007699AA /* Sources */,
				5023D34716BCFBAB007699AA /* Frameworks */,
				5023D34816BCFBAB007699AA /* Resources */,
				5023D34916BCFBAB007699AA /* ShellScript */,
				028576186A4A4C099CC488EF /* Copy Pods Resources */,
			);
			buildRules = (
			);
			dependencies = (
				5023D35116BCFBAB007699AA /* PBXTargetDependency */,
			);
			name = GraduateWorkTests;
			productName = GraduateWorkTests;
			productReference = 5023D34B16BCFBAB007699AA /* GraduateWorkTests.octest */;
			productType = "com.apple.product-type.bundle";
		};
/* End PBXNativeTarget section */

/* Begin PBXProject section */
		5023D31A16BCFBAB007699AA /* Project object */ = {
			isa = PBXProject;
			attributes = {
				CLASSPREFIX = VI;
				LastUpgradeCheck = 0460;
				ORGANIZATIONNAME = "Victor Ilyukevich";
			};
			buildConfigurationList = 5023D31D16BCFBAB007699AA /* Build configuration list for PBXProject "GraduateWork" */;
			compatibilityVersion = "Xcode 3.2";
			developmentRegion = English;
			hasScannedForEncodings = 0;
			knownRegions = (
				en,
			);
			mainGroup = 5023D31916BCFBAB007699AA;
			productRefGroup = 5023D32316BCFBAB007699AA /* Products */;
			projectDirPath = "";
			projectRoot = "";
			targets = (
				5023D32116BCFBAB007699AA /* GraduateWork */,
				5023D34A16BCFBAB007699AA /* GraduateWorkTests */,
			);
		};
/* End PBXProject section */

/* Begin PBXResourcesBuildPhase section */
		5023D32016BCFBAB007699AA /* Resources */ = {
			isa = PBXResourcesBuildPhase;
			buildActionMask = 2147483647;
			files = (
				5023D33016BCFBAB007699AA /* InfoPlist.strings in Resources */,
				5023D33816BCFBAB007699AA /* Default.png in Resources */,
				5023D33A16BCFBAB007699AA /* Default@2x.png in Resources */,
				5023D33C16BCFBAB007699AA /* Default-568h@2x.png in Resources */,
				5023D33F16BCFBAB007699AA /* MainStoryboard.storyboard in Resources */,
				5000B8E81748E8D60037C323 /* SaatiRankViewController.xib in Resources */,
			);
			runOnlyForDeploymentPostprocessing = 0;
		};
		5023D34816BCFBAB007699AA /* Resources */ = {
			isa = PBXResourcesBuildPhase;
			buildActionMask = 2147483647;
			files = (
				5023D35716BCFBAB007699AA /* InfoPlist.strings in Resources */,
			);
			runOnlyForDeploymentPostprocessing = 0;
		};
/* End PBXResourcesBuildPhase section */

/* Begin PBXShellScriptBuildPhase section */
		028576186A4A4C099CC488EF /* Copy Pods Resources */ = {
			isa = PBXShellScriptBuildPhase;
			buildActionMask = 2147483647;
			files = (
			);
			inputPaths = (
			);
			name = "Copy Pods Resources";
			outputPaths = (
			);
			runOnlyForDeploymentPostprocessing = 0;
			shellPath = /bin/sh;
			shellScript = "\"${SRCROOT}/Pods/Pods-GraduateWorkTests-resources.sh\"\n";
		};
		5023D34916BCFBAB007699AA /* ShellScript */ = {
			isa = PBXShellScriptBuildPhase;
			buildActionMask = 2147483647;
			files = (
			);
			inputPaths = (
			);
			outputPaths = (
			);
			runOnlyForDeploymentPostprocessing = 0;
			shellPath = /bin/sh;
			shellScript = "# Run the unit tests in this test bundle.\n\"${SYSTEM_DEVELOPER_DIR}/Tools/RunUnitTests\"\n";
		};
		596EA7F4161D415B9E97B87C /* Check Pods Manifest.lock */ = {
			isa = PBXShellScriptBuildPhase;
			buildActionMask = 2147483647;
			files = (
			);
			inputPaths = (
			);
			name = "Check Pods Manifest.lock";
			outputPaths = (
			);
			runOnlyForDeploymentPostprocessing = 0;
			shellPath = /bin/sh;
			shellScript = "diff \"${PODS_ROOT}/../Podfile.lock\" \"${PODS_ROOT}/Manifest.lock\" > /dev/null\nif [[ $? != 0 ]] ; then\n    cat << EOM\nerror: The sandbox is not in sync with the Podfile.lock. Run 'pod install' or update your CocoaPods installation.\nEOM\n    exit 1\nfi\n";
		};
		A5FA4C5546954668AA54389C /* Check Pods Manifest.lock */ = {
			isa = PBXShellScriptBuildPhase;
			buildActionMask = 2147483647;
			files = (
			);
			inputPaths = (
			);
			name = "Check Pods Manifest.lock";
			outputPaths = (
			);
			runOnlyForDeploymentPostprocessing = 0;
			shellPath = /bin/sh;
			shellScript = "diff \"${PODS_ROOT}/../Podfile.lock\" \"${PODS_ROOT}/Manifest.lock\" > /dev/null\nif [[ $? != 0 ]] ; then\n    cat << EOM\nerror: The sandbox is not in sync with the Podfile.lock. Run 'pod install' or update your CocoaPods installation.\nEOM\n    exit 1\nfi\n";
		};
		F59412C04CFD4C08AA0899F3 /* Copy Pods Resources */ = {
			isa = PBXShellScriptBuildPhase;
			buildActionMask = 2147483647;
			files = (
			);
			inputPaths = (
			);
			name = "Copy Pods Resources";
			outputPaths = (
			);
			runOnlyForDeploymentPostprocessing = 0;
			shellPath = /bin/sh;
			shellScript = "\"${SRCROOT}/Pods/Pods-resources.sh\"\n";
		};
/* End PBXShellScriptBuildPhase section */

/* Begin PBXSourcesBuildPhase section */
		5023D31E16BCFBAB007699AA /* Sources */ = {
			isa = PBXSourcesBuildPhase;
			buildActionMask = 2147483647;
			files = (
				5023D33216BCFBAB007699AA /* main.m in Sources */,
				5023D33616BCFBAB007699AA /* VIAppDelegate.m in Sources */,
				5023D34516BCFBAB007699AA /* RootViewController.m in Sources */,
				1D26BFDCBCC4E5C7C233DDB1 /* SaatiMatrix.m in Sources */,
				1D26B457D3E9DEC51EC73459 /* Matrix.m in Sources */,
				1D26BCCF1E3B8C15C5A646E2 /* Fraction.m in Sources */,
				5063E96E17428106003F62BB /* SaatiRankViewController.m in Sources */,
				501F670B1742842E00FE8903 /* DroppableAlternativeView.m in Sources */,
				1D26B896A586399C32DEEFF1 /* SaatiRankAreaView.m in Sources */,
				1D26B9EF568888AAA34350E6 /* SaatiStrategy.m in Sources */,
				1D26B0F127E53FF35E17BDA4 /* SaatiViewController.m in Sources */,
				5000B8E41748E0150037C323 /* SaatiRankingPageViewController.m in Sources */,
				50327EE217776F5F00841F79 /* AlternativeViewController.m in Sources */,
			);
			runOnlyForDeploymentPostprocessing = 0;
		};
		5023D34616BCFBAB007699AA /* Sources */ = {
			isa = PBXSourcesBuildPhase;
			buildActionMask = 2147483647;
			files = (
				1D26B190D18BDCB0A736950E /* MatrixSpec.m in Sources */,
				1D26BB4D7FE01A579AA94B6C /* SaatiMatrixSpec.m in Sources */,
				1D26B25B165581DF5305507A /* FractionSpec.m in Sources */,
				50E5020C17483B2F00B8F7EF /* SaatiRankAreaViewSpec.m in Sources */,
				50E5020E1748D7E300B8F7EF /* SaatiStrategySpec.m in Sources */,
			);
			runOnlyForDeploymentPostprocessing = 0;
		};
/* End PBXSourcesBuildPhase section */

/* Begin PBXTargetDependency section */
		5023D35116BCFBAB007699AA /* PBXTargetDependency */ = {
			isa = PBXTargetDependency;
			target = 5023D32116BCFBAB007699AA /* GraduateWork */;
			targetProxy = 5023D35016BCFBAB007699AA /* PBXContainerItemProxy */;
		};
/* End PBXTargetDependency section */

/* Begin PBXVariantGroup section */
		5023D32E16BCFBAB007699AA /* InfoPlist.strings */ = {
			isa = PBXVariantGroup;
			children = (
				5023D32F16BCFBAB007699AA /* en */,
			);
			name = InfoPlist.strings;
			sourceTree = "<group>";
		};
		5023D33D16BCFBAB007699AA /* MainStoryboard.storyboard */ = {
			isa = PBXVariantGroup;
			children = (
				5023D33E16BCFBAB007699AA /* en */,
			);
			name = MainStoryboard.storyboard;
			sourceTree = "<group>";
		};
		5023D35516BCFBAB007699AA /* InfoPlist.strings */ = {
			isa = PBXVariantGroup;
			children = (
				5023D35616BCFBAB007699AA /* en */,
			);
			name = InfoPlist.strings;
			sourceTree = "<group>";
		};
/* End PBXVariantGroup section */

/* Begin XCBuildConfiguration section */
		5023D35B16BCFBAB007699AA /* Debug */ = {
			isa = XCBuildConfiguration;
			buildSettings = {
				ALWAYS_SEARCH_USER_PATHS = NO;
				CLANG_CXX_LANGUAGE_STANDARD = "gnu++0x";
				CLANG_CXX_LIBRARY = "libc++";
				CLANG_ENABLE_OBJC_ARC = YES;
				CLANG_WARN_CONSTANT_CONVERSION = YES;
				CLANG_WARN_EMPTY_BODY = YES;
				CLANG_WARN_ENUM_CONVERSION = YES;
				CLANG_WARN_INT_CONVERSION = YES;
				CLANG_WARN__DUPLICATE_METHOD_MATCH = YES;
				"CODE_SIGN_IDENTITY[sdk=iphoneos*]" = "iPhone Developer";
				COPY_PHASE_STRIP = NO;
				GCC_C_LANGUAGE_STANDARD = gnu99;
				GCC_DYNAMIC_NO_PIC = NO;
				GCC_OPTIMIZATION_LEVEL = 0;
				GCC_PREPROCESSOR_DEFINITIONS = (
					"DEBUG=1",
					"$(inherited)",
				);
				GCC_SYMBOLS_PRIVATE_EXTERN = NO;
				GCC_WARN_ABOUT_RETURN_TYPE = YES;
				GCC_WARN_UNINITIALIZED_AUTOS = YES;
				GCC_WARN_UNUSED_VARIABLE = YES;
				IPHONEOS_DEPLOYMENT_TARGET = 6.1;
				ONLY_ACTIVE_ARCH = NO;
				SDKROOT = iphoneos;
				TARGETED_DEVICE_FAMILY = 2;
			};
			name = Debug;
		};
		5023D35C16BCFBAB007699AA /* Release */ = {
			isa = XCBuildConfiguration;
			buildSettings = {
				ALWAYS_SEARCH_USER_PATHS = NO;
				CLANG_CXX_LANGUAGE_STANDARD = "gnu++0x";
				CLANG_CXX_LIBRARY = "libc++";
				CLANG_ENABLE_OBJC_ARC = YES;
				CLANG_WARN_CONSTANT_CONVERSION = YES;
				CLANG_WARN_EMPTY_BODY = YES;
				CLANG_WARN_ENUM_CONVERSION = YES;
				CLANG_WARN_INT_CONVERSION = YES;
				CLANG_WARN__DUPLICATE_METHOD_MATCH = YES;
				"CODE_SIGN_IDENTITY[sdk=iphoneos*]" = "iPhone Developer";
				COPY_PHASE_STRIP = YES;
				GCC_C_LANGUAGE_STANDARD = gnu99;
				GCC_WARN_ABOUT_RETURN_TYPE = YES;
				GCC_WARN_UNINITIALIZED_AUTOS = YES;
				GCC_WARN_UNUSED_VARIABLE = YES;
				IPHONEOS_DEPLOYMENT_TARGET = 6.1;
				OTHER_CFLAGS = "-DNS_BLOCK_ASSERTIONS=1";
				SDKROOT = iphoneos;
				TARGETED_DEVICE_FAMILY = 2;
				VALIDATE_PRODUCT = YES;
			};
			name = Release;
		};
		5023D35E16BCFBAB007699AA /* Debug */ = {
			isa = XCBuildConfiguration;
			baseConfigurationReference = 7629F92201ED4B2789E0B704 /* Pods.xcconfig */;
			buildSettings = {
				GCC_PRECOMPILE_PREFIX_HEADER = YES;
				GCC_PREFIX_HEADER = "GraduateWork/GraduateWork-Prefix.pch";
				INFOPLIST_FILE = "GraduateWork/GraduateWork-Info.plist";
				PRODUCT_NAME = "$(TARGET_NAME)";
				WRAPPER_EXTENSION = app;
			};
			name = Debug;
		};
		5023D35F16BCFBAB007699AA /* Release */ = {
			isa = XCBuildConfiguration;
			baseConfigurationReference = 7629F92201ED4B2789E0B704 /* Pods.xcconfig */;
			buildSettings = {
				GCC_PRECOMPILE_PREFIX_HEADER = YES;
				GCC_PREFIX_HEADER = "GraduateWork/GraduateWork-Prefix.pch";
				INFOPLIST_FILE = "GraduateWork/GraduateWork-Info.plist";
				PRODUCT_NAME = "$(TARGET_NAME)";
				WRAPPER_EXTENSION = app;
			};
			name = Release;
		};
		5023D36116BCFBAB007699AA /* Debug */ = {
			isa = XCBuildConfiguration;
			baseConfigurationReference = 2A5442F28F8B4E808E37072D /* Pods-GraduateWorkTests.xcconfig */;
			buildSettings = {
				BUNDLE_LOADER = "$(BUILT_PRODUCTS_DIR)/GraduateWork.app/GraduateWork";
				GCC_PRECOMPILE_PREFIX_HEADER = YES;
				GCC_PREFIX_HEADER = "GraduateWork/GraduateWork-Prefix.pch";
				INFOPLIST_FILE = "GraduateWorkTests/GraduateWorkTests-Info.plist";
				PRODUCT_NAME = "$(TARGET_NAME)";
				TEST_HOST = "$(BUNDLE_LOADER)";
				WRAPPER_EXTENSION = octest;
			};
			name = Debug;
		};
		5023D36216BCFBAB007699AA /* Release */ = {
			isa = XCBuildConfiguration;
			baseConfigurationReference = 2A5442F28F8B4E808E37072D /* Pods-GraduateWorkTests.xcconfig */;
			buildSettings = {
				BUNDLE_LOADER = "$(BUILT_PRODUCTS_DIR)/GraduateWork.app/GraduateWork";
				GCC_PRECOMPILE_PREFIX_HEADER = YES;
				GCC_PREFIX_HEADER = "GraduateWork/GraduateWork-Prefix.pch";
				INFOPLIST_FILE = "GraduateWorkTests/GraduateWorkTests-Info.plist";
				PRODUCT_NAME = "$(TARGET_NAME)";
				TEST_HOST = "$(BUNDLE_LOADER)";
				WRAPPER_EXTENSION = octest;
			};
			name = Release;
		};
/* End XCBuildConfiguration section */

/* Begin XCConfigurationList section */
		5023D31D16BCFBAB007699AA /* Build configuration list for PBXProject "GraduateWork" */ = {
			isa = XCConfigurationList;
			buildConfigurations = (
				5023D35B16BCFBAB007699AA /* Debug */,
				5023D35C16BCFBAB007699AA /* Release */,
			);
			defaultConfigurationIsVisible = 0;
			defaultConfigurationName = Release;
		};
		5023D35D16BCFBAB007699AA /* Build configuration list for PBXNativeTarget "GraduateWork" */ = {
			isa = XCConfigurationList;
			buildConfigurations = (
				5023D35E16BCFBAB007699AA /* Debug */,
				5023D35F16BCFBAB007699AA /* Release */,
			);
			defaultConfigurationIsVisible = 0;
			defaultConfigurationName = Release;
		};
		5023D36016BCFBAB007699AA /* Build configuration list for PBXNativeTarget "GraduateWorkTests" */ = {
			isa = XCConfigurationList;
			buildConfigurations = (
				5023D36116BCFBAB007699AA /* Debug */,
				5023D36216BCFBAB007699AA /* Release */,
			);
			defaultConfigurationIsVisible = 0;
			defaultConfigurationName = Release;
		};
/* End XCConfigurationList section */
	};
	rootObject = 5023D31A16BCFBAB007699AA /* Project object */;
}
